
Microsoft Visual Studio Solution File, Format Version 12.00
# Visual Studio Version 16
VisualStudioVersion = 16.0.34114.132
MinimumVisualStudioVersion = 10.0.40219.1
Project("{9A19103F-16F7-4668-BE54-9A1E7A4F7556}") = "EmployeeManager.Api", "EmployeeManager.Api\EmployeeManager.Api.csproj", "{5DA487D5-E886-4EF0-8B2A-BF694C649F16}"
EndProject
Project("{FAE04EC0-301F-11D3-BF4B-00C04F79EFBC}") = "EmployeeManager.ApiClient", "EmployeeManager.ApiClient\EmployeeManager.ApiClient.csproj", "{F8BF3BA5-F610-4CFA-A034-3EEFECBF2E6C}"
EndProject
Global
	GlobalSection(SolutionConfigurationPlatforms) = preSolution
		Debug|Any CPU = Debug|Any CPU
		Release|Any CPU = Release|Any CPU
	EndGlobalSection
	GlobalSection(ProjectConfigurationPlatforms) = postSolution
		{5DA487D5-E886-4EF0-8B2A-BF694C649F16}.Debug|Any CPU.ActiveCfg = Debug|Any CPU
		{5DA487D5-E886-4EF0-8B2A-BF694C649F16}.Debug|Any CPU.Build.0 = Debug|Any CPU
		{5DA487D5-E886-4EF0-8B2A-BF694C649F16}.Release|Any CPU.ActiveCfg = Release|Any CPU
		{5DA487D5-E886-4EF0-8B2A-BF694C649F16}.Release|Any CPU.Build.0 = Release|Any CPU
		{F8BF3BA5-F610-4CFA-A034-3EEFECBF2E6C}.Debug|Any CPU.ActiveCfg = Debug|Any CPU
		{F8BF3BA5-F610-4CFA-A034-3EEFECBF2E6C}.Debug|Any CPU.Build.0 = Debug|Any CPU
		{F8BF3BA5-F610-4CFA-A034-3EEFECBF2E6C}.Release|Any CPU.ActiveCfg = Release|Any CPU
		{F8BF3BA5-F610-4CFA-A034-3EEFECBF2E6C}.Release|Any CPU.Build.0 = Release|Any CPU
	EndGlobalSection
	GlobalSection(SolutionProperties) = preSolution
		HideSolutionNode = FALSE
	EndGlobalSection
	GlobalSection(ExtensibilityGlobals) = postSolution
		SolutionGuid = {6A18CEA3-A782-406F-AB3F-0AA569BCABDD}
	EndGlobalSection
EndGlobal
